{
  "name": "financial-planning-for-individuals",
  "version": "1.0.0",
  "lockfileVersion": 3,
  "requires": true,
  "packages": {
    "": {
      "name": "financial-planning-for-individuals",
      "version": "1.0.0",
      "license": "ISC",
      "dependencies": {
        "financial-planning-for-individuals": "file:",
        "node-cron": "^4.1.1"
      }
    },
    "node_modules/financial-planning-for-individuals": {
      "resolved": "",
      "link": true
    },
    "node_modules/node-cron": {
      "version": "4.1.1",
      "resolved": "https://registry.npmjs.org/node-cron/-/node-cron-4.1.1.tgz",
      "integrity": "sha512-oJj9CYV7teeCVs+y2Efi5IQ4FGmAYbsXQOehc1AGLlwteec8pC7DjBCUzSyRQ0LYa+CRCgmD+vtlWQcnPpXowA==",
      "license": "ISC",
      "engines": {
        "node": ">=6.0.0"
      }
    }
  }
}