{
  "name": "financial-planning-for-individuals",
  "version": "1.0.0",
  "lockfileVersion": 3,
  "requires": true,
  "packages": {
    "": {
      "name": "financial-planning-for-individuals",
      "version": "1.0.0",
      "license": "ISC",
      "dependencies": {
        "financial-planning-for-individuals": "file:"
      }
    },
    "node_modules/financial-planning-for-individuals": {
      "resolved": "",
      "link": true
    }
  }
}
